Microsoft Visual Studio Solution File, Format Version 8.00
Project("{8BC9CEB8-8B4A-11D0-8D11-40A3C91BC942}") = "UIDemo", "UIDemo.vcproj", "{F325BEF2-388F-43B1-BCEA-1B1896DB7859}"
	ProjectSection(ProjectDependencies) = postProject
	EndProjectSection
EndProject
Global
	GlobalSection(SolutionConfiguration) = preSolution
		Debug = Debug
		Release = Release
	EndGlobalSection
	GlobalSection(ProjectConfiguration) = postSolution
		{F325BEF2-388F-43B1-BCEA-1B1896DB7859}.Debug.ActiveCfg = Debug|Win32
		{F325BEF2-388F-43B1-BCEA-1B1896DB7859}.Debug.Build.0 = Debug|Win32
		{F325BEF2-388F-43B1-BCEA-1B1896DB7859}.Release.ActiveCfg = Release|Win32
		{F325BEF2-388F-43B1-BCEA-1B1896DB7859}.Release.Build.0 = Release|Win32
	EndGlobalSection
	GlobalSection(ExtensibilityGlobals) = postSolution
	EndGlobalSection
	GlobalSection(ExtensibilityAddIns) = postSolution
	EndGlobalSection
EndGlobal
